{
    "_readme": [
        "This file locks the dependencies of your project to a known state",
        "Read more about it at https://getcomposer.org/doc/01-basic-usage.md#installing-dependencies",
        "This file is @generated automatically"
    ],
    "content-hash": "20b1068fdff499cedb7ca6fed4eb921d",
    "packages": [
        {
            "name": "masqueradis/router",
            "version": "1.1.0",
            "source": {
                "type": "git",
                "url": "https://github.com/Masqueradis/router.git",
                "reference": "4c3672b565d1410211c50f886104e084e4887375"
            },
            "dist": {
                "type": "zip",
                "url": "https://api.github.com/repos/Masqueradis/router/zipball/4c3672b565d1410211c50f886104e084e4887375",
                "reference": "4c3672b565d1410211c50f886104e084e4887375",
                "shasum": ""
            },
            "type": "library",
            "autoload": {
                "psr-4": {
                    "Masqueradis\\Routers\\": "src/Masqueradis/Routers/"
                }
            },
            "notification-url": "https://packagist.org/downloads/",
            "license": [
                "MIT"
            ],
            "authors": [
                {
                    "name": "Masqueradis",
                    "email": "masqueradisu@gmail.com"
                }
            ],
            "description": "Simple php routing mechanism",
            "support": {
                "issues": "https://github.com/Masqueradis/router/issues",
                "source": "https://github.com/Masqueradis/router/tree/1.1.0"
            },
            "time": "2026-01-18T23:56:15+00:00"
        }
    ],
    "packages-dev": [],
    "aliases": [],
    "minimum-stability": "stable",
    "stability-flags": [],
    "prefer-stable": false,
    "prefer-lowest": false,
    "platform": [],
    "platform-dev": [],
    "plugin-api-version": "2.6.0"
}
