{
    "_readme": [
        "This file locks the dependencies of your project to a known state",
        "Read more about it at https://getcomposer.org/doc/01-basic-usage.md#installing-dependencies",
        "This file is @generated automatically"
    ],
    "content-hash": "20b1068fdff499cedb7ca6fed4eb921d",
    "packages": [
        {
            "name": "masqueradis/router",
            "version": "1.0.0",
            "source": {
                "type": "git",
                "url": "https://github.com/Masqueradis/router.git",
                "reference": "591a4526746d55145f44bfa432c12b1527bdc9f5"
            },
            "dist": {
                "type": "zip",
                "url": "https://api.github.com/repos/Masqueradis/router/zipball/591a4526746d55145f44bfa432c12b1527bdc9f5",
                "reference": "591a4526746d55145f44bfa432c12b1527bdc9f5",
                "shasum": ""
            },
            "type": "library",
            "autoload": {
                "psr-4": {
                    "Masqueradis\\Router\\": "src/Masqueradis/Routers"
                }
            },
            "notification-url": "https://packagist.org/downloads/",
            "license": [
                "MIT"
            ],
            "authors": [
                {
                    "name": "Masqueradis",
                    "email": "masqueradisu@gmail.com"
                }
            ],
            "description": "Simple php routing mechanism",
            "support": {
                "issues": "https://github.com/Masqueradis/router/issues",
                "source": "https://github.com/Masqueradis/router/tree/1.0.0"
            },
            "time": "2026-01-16T12:01:05+00:00"
        }
    ],
    "packages-dev": [],
    "aliases": [],
    "minimum-stability": "stable",
    "stability-flags": [],
    "prefer-stable": false,
    "prefer-lowest": false,
    "platform": [],
    "platform-dev": [],
    "plugin-api-version": "2.6.0"
}
